// !$*UTF8*$!
{
	archiveVersion = 1;
	classes = {
	};
	objectVersion = 46;
	objects = {

/* Begin PBXBuildFile section */
		D05FD98519392D8A00FAC76E /* Foundation.framework in Frameworks */ = {isa = PBXBuildFile; fileRef = D05FD98419392D8A00FAC76E /* Foundation.framework */; };
		D05FD98719392D8A00FAC76E /* CoreGraphics.framework in Frameworks */ = {isa = PBXBuildFile; fileRef = D05FD98619392D8A00FAC76E /* CoreGraphics.framework */; };
		D05FD98919392D8A00FAC76E /* UIKit.framework in Frameworks */ = {isa = PBXBuildFile; fileRef = D05FD98819392D8A00FAC76E /* UIKit.framework */; };
		D05FD98F19392D8A00FAC76E /* InfoPlist.strings in Resources */ = {isa = PBXBuildFile; fileRef = D05FD98D19392D8A00FAC76E /* InfoPlist.strings */; };
		D05FD99119392D8A00FAC76E /* main.m in Sources */ = {isa = PBXBuildFile; fileRef = D05FD99019392D8A00FAC76E /* main.m */; };
		D05FD99519392D8A00FAC76E /* AppDelegate.m in Sources */ = {isa = PBXBuildFile; fileRef = D05FD99419392D8A00FAC76E /* AppDelegate.m */; };
		D05FD99819392D8A00FAC76E /* Main.storyboard in Resources */ = {isa = PBXBuildFile; fileRef = D05FD99619392D8A00FAC76E /* Main.storyboard */; };
		D05FD99B19392D8A00FAC76E /* ViewController.m in Sources */ = {isa = PBXBuildFile; fileRef = D05FD99A19392D8A00FAC76E /* ViewController.m */; };
		D05FD99D19392D8A00FAC76E /* Images.xcassets in Resources */ = {isa = PBXBuildFile; fileRef = D05FD99C19392D8A00FAC76E /* Images.xcassets */; };
		D05FD9A419392D8A00FAC76E /* XCTest.framework in Frameworks */ = {isa = PBXBuildFile; fileRef = D05FD9A319392D8A00FAC76E /* XCTest.framework */; };
		D05FD9A519392D8A00FAC76E /* Foundation.framework in Frameworks */ = {isa = PBXBuildFile; fileRef = D05FD98419392D8A00FAC76E /* Foundation.framework */; };
		D05FD9A619392D8A00FAC76E /* UIKit.framework in Frameworks */ = {isa = PBXBuildFile; fileRef = D05FD98819392D8A00FAC76E /* UIKit.framework */; };
		D05FD9AE19392D8A00FAC76E /* InfoPlist.strings in Resources */ = {isa = PBXBuildFile; fileRef = D05FD9AC19392D8A00FAC76E /* InfoPlist.strings */; };
		D05FD9B019392D8A00FAC76E /* DivvyTests.m in Sources */ = {isa = PBXBuildFile; fileRef = D05FD9AF19392D8A00FAC76E /* DivvyTests.m */; };
		D05FD9C11939527500FAC76E /* MapViewViewController.m in Sources */ = {isa = PBXBuildFile; fileRef = D05FD9C01939527500FAC76E /* MapViewViewController.m */; };
/* End PBXBuildFile section */

/* Begin PBXContainerItemProxy section */
		D05FD9A719392D8A00FAC76E /* PBXContainerItemProxy */ = {
			isa = PBXContainerItemProxy;
			containerPortal = D05FD97919392D8A00FAC76E /* Project object */;
			proxyType = 1;
			remoteGlobalIDString = D05FD98019392D8A00FAC76E;
			remoteInfo = Divvy;
		};
/* End PBXContainerItemProxy section */

/* Begin PBXFileReference section */
		D05FD98119392D8A00FAC76E /* Divvy.app */ = {isa = PBXFileReference; explicitFileType = wrapper.application; includeInIndex = 0; path = Divvy.app; sourceTree = BUILT_PRODUCTS_DIR; };
		D05FD98419392D8A00FAC76E /* Foundation.framework */ = {isa = PBXFileReference; lastKnownFileType = wrapper.framework; name = Foundation.framework; path = System/Library/Frameworks/Foundation.framework; sourceTree = SDKROOT; };
		D05FD98619392D8A00FAC76E /* CoreGraphics.framework */ = {isa = PBXFileReference; lastKnownFileType = wrapper.framework; name = CoreGraphics.framework; path = System/Library/Frameworks/CoreGraphics.framework; sourceTree = SDKROOT; };
		D05FD98819392D8A00FAC76E /* UIKit.framework */ = {isa = PBXFileReference; lastKnownFileType = wrapper.framework; name = UIKit.framework; path = System/Library/Frameworks/UIKit.framework; sourceTree = SDKROOT; };
		D05FD98C19392D8A00FAC76E /* Divvy-Info.plist */ = {isa = PBXFileReference; lastKnownFileType = text.plist.xml; path = "Divvy-Info.plist"; sourceTree = "<group>"; };
		D05FD98E19392D8A00FAC76E /* en */ = {isa = PBXFileReference; lastKnownFileType = text.plist.strings; name = en; path = en.lproj/InfoPlist.strings; sourceTree = "<group>"; };
		D05FD99019392D8A00FAC76E /* main.m */ = {isa = PBXFileReference; lastKnownFileType = sourcecode.c.objc; path = main.m; sourceTree = "<group>"; };
		D05FD99219392D8A00FAC76E /* Divvy-Prefix.pch */ = {isa = PBXFileReference; lastKnownFileType = sourcecode.c.h; path = "Divvy-Prefix.pch"; sourceTree = "<group>"; };
		D05FD99319392D8A00FAC76E /* AppDelegate.h */ = {isa = PBXFileReference; lastKnownFileType = sourcecode.c.h; path = AppDelegate.h; sourceTree = "<group>"; };
		D05FD99419392D8A00FAC76E /* AppDelegate.m */ = {isa = PBXFileReference; lastKnownFileType = sourcecode.c.objc; path = AppDelegate.m; sourceTree = "<group>"; };
		D05FD99719392D8A00FAC76E /* Base */ = {isa = PBXFileReference; lastKnownFileType = file.storyboard; name = Base; path = Base.lproj/Main.storyboard; sourceTree = "<group>"; };
		D05FD99919392D8A00FAC76E /* ViewController.h */ = {isa = PBXFileReference; lastKnownFileType = sourcecode.c.h; path = ViewController.h; sourceTree = "<group>"; };
		D05FD99A19392D8A00FAC76E /* ViewController.m */ = {isa = PBXFileReference; lastKnownFileType = sourcecode.c.objc; path = ViewController.m; sourceTree = "<group>"; };
		D05FD99C19392D8A00FAC76E /* Images.xcassets */ = {isa = PBXFileReference; lastKnownFileType = folder.assetcatalog; path = Images.xcassets; sourceTree = "<group>"; };
		D05FD9A219392D8A00FAC76E /* DivvyTests.xctest */ = {isa = PBXFileReference; explicitFileType = wrapper.cfbundle; includeInIndex = 0; path = DivvyTests.xctest; sourceTree = BUILT_PRODUCTS_DIR; };
		D05FD9A319392D8A00FAC76E /* XCTest.framework */ = {isa = PBXFileReference; lastKnownFileType = wrapper.framework; name = XCTest.framework; path = Library/Frameworks/XCTest.framework; sourceTree = DEVELOPER_DIR; };
		D05FD9AB19392D8A00FAC76E /* DivvyTests-Info.plist */ = {isa = PBXFileReference; lastKnownFileType = text.plist.xml; path = "DivvyTests-Info.plist"; sourceTree = "<group>"; };
		D05FD9AD19392D8A00FAC76E /* en */ = {isa = PBXFileReference; lastKnownFileType = text.plist.strings; name = en; path = en.lproj/InfoPlist.strings; sourceTree = "<group>"; };
		D05FD9AF19392D8A00FAC76E /* DivvyTests.m */ = {isa = PBXFileReference; lastKnownFileType = sourcecode.c.objc; path = DivvyTests.m; sourceTree = "<group>"; };
		D05FD9BF1939527500FAC76E /* MapViewViewController.h */ = {isa = PBXFileReference; fileEncoding = 4; lastKnownFileType = sourcecode.c.h; path = MapViewViewController.h; sourceTree = "<group>"; };
		D05FD9C01939527500FAC76E /* MapViewViewController.m */ = {isa = PBXFileReference; fileEncoding = 4; lastKnownFileType = sourcecode.c.objc; path = MapViewViewController.m; sourceTree = "<group>"; };
/* End PBXFileReference section */

/* Begin PBXFrameworksBuildPhase section */
		D05FD97E19392D8A00FAC76E /* Frameworks */ = {
			isa = PBXFrameworksBuildPhase;
			buildActionMask = 2147483647;
			files = (
				D05FD98719392D8A00FAC76E /* CoreGraphics.framework in Frameworks */,
				D05FD98919392D8A00FAC76E /* UIKit.framework in Frameworks */,
				D05FD98519392D8A00FAC76E /* Foundation.framework in Frameworks */,
			);
			runOnlyForDeploymentPostprocessing = 0;
		};
		D05FD99F19392D8A00FAC76E /* Frameworks */ = {
			isa = PBXFrameworksBuildPhase;
			buildActionMask = 2147483647;
			files = (
				D05FD9A419392D8A00FAC76E /* XCTest.framework in Frameworks */,
				D05FD9A619392D8A00FAC76E /* UIKit.framework in Frameworks */,
				D05FD9A519392D8A00FAC76E /* Foundation.framework in Frameworks */,
			);
			runOnlyForDeploymentPostprocessing = 0;
		};
/* End PBXFrameworksBuildPhase section */

/* Begin PBXGroup section */
		D05FD97819392D8A00FAC76E = {
			isa = PBXGroup;
			children = (
				D05FD98A19392D8A00FAC76E /* Divvy */,
				D05FD9A919392D8A00FAC76E /* DivvyTests */,
				D05FD98319392D8A00FAC76E /* Frameworks */,
				D05FD98219392D8A00FAC76E /* Products */,
			);
			sourceTree = "<group>";
		};
		D05FD98219392D8A00FAC76E /* Products */ = {
			isa = PBXGroup;
			children = (
				D05FD98119392D8A00FAC76E /* Divvy.app */,
				D05FD9A219392D8A00FAC76E /* DivvyTests.xctest */,
			);
			name = Products;
			sourceTree = "<group>";
		};
		D05FD98319392D8A00FAC76E /* Frameworks */ = {
			isa = PBXGroup;
			children = (
				D05FD98419392D8A00FAC76E /* Foundation.framework */,
				D05FD98619392D8A00FAC76E /* CoreGraphics.framework */,
				D05FD98819392D8A00FAC76E /* UIKit.framework */,
				D05FD9A319392D8A00FAC76E /* XCTest.framework */,
			);
			name = Frameworks;
			sourceTree = "<group>";
		};
		D05FD98A19392D8A00FAC76E /* Divvy */ = {
			isa = PBXGroup;
			children = (
				D05FD99319392D8A00FAC76E /* AppDelegate.h */,
				D05FD99419392D8A00FAC76E /* AppDelegate.m */,
				D05FD99619392D8A00FAC76E /* Main.storyboard */,
				D05FD9BF1939527500FAC76E /* MapViewViewController.h */,
				D05FD9C01939527500FAC76E /* MapViewViewController.m */,
				D05FD99919392D8A00FAC76E /* ViewController.h */,
				D05FD99A19392D8A00FAC76E /* ViewController.m */,
				D05FD99C19392D8A00FAC76E /* Images.xcassets */,
				D05FD98B19392D8A00FAC76E /* Supporting Files */,
			);
			path = Divvy;
			sourceTree = "<group>";
		};
		D05FD98B19392D8A00FAC76E /* Supporting Files */ = {
			isa = PBXGroup;
			children = (
				D05FD98C19392D8A00FAC76E /* Divvy-Info.plist */,
				D05FD98D19392D8A00FAC76E /* InfoPlist.strings */,
				D05FD99019392D8A00FAC76E /* main.m */,
				D05FD99219392D8A00FAC76E /* Divvy-Prefix.pch */,
			);
			name = "Supporting Files";
			sourceTree = "<group>";
		};
		D05FD9A919392D8A00FAC76E /* DivvyTests */ = {
			isa = PBXGroup;
			children = (
				D05FD9AF19392D8A00FAC76E /* DivvyTests.m */,
				D05FD9AA19392D8A00FAC76E /* Supporting Files */,
			);
			path = DivvyTests;
			sourceTree = "<group>";
		};
		D05FD9AA19392D8A00FAC76E /* Supporting Files */ = {
			isa = PBXGroup;
			children = (
				D05FD9AB19392D8A00FAC76E /* DivvyTests-Info.plist */,
				D05FD9AC19392D8A00FAC76E /* InfoPlist.strings */,
			);
			name = "Supporting Files";
			sourceTree = "<group>";
		};
/* End PBXGroup section */

/* Begin PBXNativeTarget section */
		D05FD98019392D8A00FAC76E /* Divvy */ = {
			isa = PBXNativeTarget;
			buildConfigurationList = D05FD9B319392D8A00FAC76E /* Build configuration list for PBXNativeTarget "Divvy" */;
			buildPhases = (
				D05FD97D19392D8A00FAC76E /* Sources */,
				D05FD97E19392D8A00FAC76E /* Frameworks */,
				D05FD97F19392D8A00FAC76E /* Resources */,
			);
			buildRules = (
			);
			dependencies = (
			);
			name = Divvy;
			productName = Divvy;
			productReference = D05FD98119392D8A00FAC76E /* Divvy.app */;
			productType = "com.apple.product-type.application";
		};
		D05FD9A119392D8A00FAC76E /* DivvyTests */ = {
			isa = PBXNativeTarget;
			buildConfigurationList = D05FD9B619392D8A00FAC76E /* Build configuration list for PBXNativeTarget "DivvyTests" */;
			buildPhases = (
				D05FD99E19392D8A00FAC76E /* Sources */,
				D05FD99F19392D8A00FAC76E /* Frameworks */,
				D05FD9A019392D8A00FAC76E /* Resources */,
			);
			buildRules = (
			);
			dependencies = (
				D05FD9A819392D8A00FAC76E /* PBXTargetDependency */,
			);
			name = DivvyTests;
			productName = DivvyTests;
			productReference = D05FD9A219392D8A00FAC76E /* DivvyTests.xctest */;
			productType = "com.apple.product-type.bundle.unit-test";
		};
/* End PBXNativeTarget section */

/* Begin PBXProject section */
		D05FD97919392D8A00FAC76E /* Project object */ = {
			isa = PBXProject;
			attributes = {
				LastUpgradeCheck = 0510;
				ORGANIZATIONNAME = "Ryan Tiltz";
				TargetAttributes = {
					D05FD9A119392D8A00FAC76E = {
						TestTargetID = D05FD98019392D8A00FAC76E;
					};
				};
			};
			buildConfigurationList = D05FD97C19392D8A00FAC76E /* Build configuration list for PBXProject "Divvy" */;
			compatibilityVersion = "Xcode 3.2";
			developmentRegion = English;
			hasScannedForEncodings = 0;
			knownRegions = (
				en,
				Base,
			);
			mainGroup = D05FD97819392D8A00FAC76E;
			productRefGroup = D05FD98219392D8A00FAC76E /* Products */;
			projectDirPath = "";
			projectRoot = "";
			targets = (
				D05FD98019392D8A00FAC76E /* Divvy */,
				D05FD9A119392D8A00FAC76E /* DivvyTests */,
			);
		};
/* End PBXProject section */

/* Begin PBXResourcesBuildPhase section */
		D05FD97F19392D8A00FAC76E /* Resources */ = {
			isa = PBXResourcesBuildPhase;
			buildActionMask = 2147483647;
			files = (
				D05FD99D19392D8A00FAC76E /* Images.xcassets in Resources */,
				D05FD98F19392D8A00FAC76E /* InfoPlist.strings in Resources */,
				D05FD99819392D8A00FAC76E /* Main.storyboard in Resources */,
			);
			runOnlyForDeploymentPostprocessing = 0;
		};
		D05FD9A019392D8A00FAC76E /* Resources */ = {
			isa = PBXResourcesBuildPhase;
			buildActionMask = 2147483647;
			files = (
				D05FD9AE19392D8A00FAC76E /* InfoPlist.strings in Resources */,
			);
			runOnlyForDeploymentPostprocessing = 0;
		};
/* End PBXResourcesBuildPhase section */

/* Begin PBXSourcesBuildPhase section */
		D05FD97D19392D8A00FAC76E /* Sources */ = {
			isa = PBXSourcesBuildPhase;
			buildActionMask = 2147483647;
			files = (
				D05FD99B19392D8A00FAC76E /* ViewController.m in Sources */,
				D05FD99519392D8A00FAC76E /* AppDelegate.m in Sources */,
				D05FD9C11939527500FAC76E /* MapViewViewController.m in Sources */,
				D05FD99119392D8A00FAC76E /* main.m in Sources */,
			);
			runOnlyForDeploymentPostprocessing = 0;
		};
		D05FD99E19392D8A00FAC76E /* Sources */ = {
			isa = PBXSourcesBuildPhase;
			buildActionMask = 2147483647;
			files = (
				D05FD9B019392D8A00FAC76E /* DivvyTests.m in Sources */,
			);
			runOnlyForDeploymentPostprocessing = 0;
		};
/* End PBXSourcesBuildPhase section */

/* Begin PBXTargetDependency section */
		D05FD9A819392D8A00FAC76E /* PBXTargetDependency */ = {
			isa = PBXTargetDependency;
			target = D05FD98019392D8A00FAC76E /* Divvy */;
			targetProxy = D05FD9A719392D8A00FAC76E /* PBXContainerItemProxy */;
		};
/* End PBXTargetDependency section */

/* Begin PBXVariantGroup section */
		D05FD98D19392D8A00FAC76E /* InfoPlist.strings */ = {
			isa = PBXVariantGroup;
			children = (
				D05FD98E19392D8A00FAC76E /* en */,
			);
			name = InfoPlist.strings;
			sourceTree = "<group>";
		};
		D05FD99619392D8A00FAC76E /* Main.storyboard */ = {
			isa = PBXVariantGroup;
			children = (
				D05FD99719392D8A00FAC76E /* Base */,
			);
			name = Main.storyboard;
			sourceTree = "<group>";
		};
		D05FD9AC19392D8A00FAC76E /* InfoPlist.strings */ = {
			isa = PBXVariantGroup;
			children = (
				D05FD9AD19392D8A00FAC76E /* en */,
			);
			name = InfoPlist.strings;
			sourceTree = "<group>";
		};
/* End PBXVariantGroup section */

/* Begin XCBuildConfiguration section */
		D05FD9B119392D8A00FAC76E /* Debug */ = {
			isa = XCBuildConfiguration;
			buildSettings = {
				ALWAYS_SEARCH_USER_PATHS = NO;
				CLANG_CXX_LANGUAGE_STANDARD = "gnu++0x";
				CLANG_CXX_LIBRARY = "libc++";
				CLANG_ENABLE_MODULES = YES;
				CLANG_ENABLE_OBJC_ARC = YES;
				CLANG_WARN_BOOL_CONVERSION = YES;
				CLANG_WARN_CONSTANT_CONVERSION = YES;
				CLANG_WARN_DIRECT_OBJC_ISA_USAGE = YES_ERROR;
				CLANG_WARN_EMPTY_BODY = YES;
				CLANG_WARN_ENUM_CONVERSION = YES;
				CLANG_WARN_INT_CONVERSION = YES;
				CLANG_WARN_OBJC_ROOT_CLASS = YES_ERROR;
				CLANG_WARN__DUPLICATE_METHOD_MATCH = YES;
				"CODE_SIGN_IDENTITY[sdk=iphoneos*]" = "iPhone Developer";
				COPY_PHASE_STRIP = NO;
				GCC_C_LANGUAGE_STANDARD = gnu99;
				GCC_DYNAMIC_NO_PIC = NO;
				GCC_OPTIMIZATION_LEVEL = 0;
				GCC_PREPROCESSOR_DEFINITIONS = (
					"DEBUG=1",
					"$(inherited)",
				);
				GCC_SYMBOLS_PRIVATE_EXTERN = NO;
				GCC_WARN_64_TO_32_BIT_CONVERSION = YES;
				GCC_WARN_ABOUT_RETURN_TYPE = YES_ERROR;
				GCC_WARN_UNDECLARED_SELECTOR = YES;
				GCC_WARN_UNINITIALIZED_AUTOS = YES_AGGRESSIVE;
				GCC_WARN_UNUSED_FUNCTION = YES;
				GCC_WARN_UNUSED_VARIABLE = YES;
				IPHONEOS_DEPLOYMENT_TARGET = 7.1;
				ONLY_ACTIVE_ARCH = YES;
				SDKROOT = iphoneos;
			};
			name = Debug;
		};
		D05FD9B219392D8A00FAC76E /* Release */ = {
			isa = XCBuildConfiguration;
			buildSettings = {
				ALWAYS_SEARCH_USER_PATHS = NO;
				CLANG_CXX_LANGUAGE_STANDARD = "gnu++0x";
				CLANG_CXX_LIBRARY = "libc++";
				CLANG_ENABLE_MODULES = YES;
				CLANG_ENABLE_OBJC_ARC = YES;
				CLANG_WARN_BOOL_CONVERSION = YES;
				CLANG_WARN_CONSTANT_CONVERSION = YES;
				CLANG_WARN_DIRECT_OBJC_ISA_USAGE = YES_ERROR;
				CLANG_WARN_EMPTY_BODY = YES;
				CLANG_WARN_ENUM_CONVERSION = YES;
				CLANG_WARN_INT_CONVERSION = YES;
				CLANG_WARN_OBJC_ROOT_CLASS = YES_ERROR;
				CLANG_WARN__DUPLICATE_METHOD_MATCH = YES;
				"CODE_SIGN_IDENTITY[sdk=iphoneos*]" = "iPhone Developer";
				COPY_PHASE_STRIP = YES;
				ENABLE_NS_ASSERTIONS = NO;
				GCC_C_LANGUAGE_STANDARD = gnu99;
				GCC_WARN_64_TO_32_BIT_CONVERSION = YES;
				GCC_WARN_ABOUT_RETURN_TYPE = YES_ERROR;
				GCC_WARN_UNDECLARED_SELECTOR = YES;
				GCC_WARN_UNINITIALIZED_AUTOS = YES_AGGRESSIVE;
				GCC_WARN_UNUSED_FUNCTION = YES;
				GCC_WARN_UNUSED_VARIABLE = YES;
				IPHONEOS_DEPLOYMENT_TARGET = 7.1;
				SDKROOT = iphoneos;
				VALIDATE_PRODUCT = YES;
			};
			name = Release;
		};
		D05FD9B419392D8A00FAC76E /* Debug */ = {
			isa = XCBuildConfiguration;
			buildSettings = {
				ASSETCATALOG_COMPILER_APPICON_NAME = AppIcon;
				ASSETCATALOG_COMPILER_LAUNCHIMAGE_NAME = LaunchImage;
				GCC_PRECOMPILE_PREFIX_HEADER = YES;
				GCC_PREFIX_HEADER = "Divvy/Divvy-Prefix.pch";
				INFOPLIST_FILE = "Divvy/Divvy-Info.plist";
				PRODUCT_NAME = "$(TARGET_NAME)";
				WRAPPER_EXTENSION = app;
			};
			name = Debug;
		};
		D05FD9B519392D8A00FAC76E /* Release */ = {
			isa = XCBuildConfiguration;
			buildSettings = {
				ASSETCATALOG_COMPILER_APPICON_NAME = AppIcon;
				ASSETCATALOG_COMPILER_LAUNCHIMAGE_NAME = LaunchImage;
				GCC_PRECOMPILE_PREFIX_HEADER = YES;
				GCC_PREFIX_HEADER = "Divvy/Divvy-Prefix.pch";
				INFOPLIST_FILE = "Divvy/Divvy-Info.plist";
				PRODUCT_NAME = "$(TARGET_NAME)";
				WRAPPER_EXTENSION = app;
			};
			name = Release;
		};
		D05FD9B719392D8A00FAC76E /* Debug */ = {
			isa = XCBuildConfiguration;
			buildSettings = {
				BUNDLE_LOADER = "$(BUILT_PRODUCTS_DIR)/Divvy.app/Divvy";
				FRAMEWORK_SEARCH_PATHS = (
					"$(SDKROOT)/Developer/Library/Frameworks",
					"$(inherited)",
					"$(DEVELOPER_FRAMEWORKS_DIR)",
				);
				GCC_PRECOMPILE_PREFIX_HEADER = YES;
				GCC_PREFIX_HEADER = "Divvy/Divvy-Prefix.pch";
				GCC_PREPROCESSOR_DEFINITIONS = (
					"DEBUG=1",
					"$(inherited)",
				);
				INFOPLIST_FILE = "DivvyTests/DivvyTests-Info.plist";
				PRODUCT_NAME = "$(TARGET_NAME)";
				TEST_HOST = "$(BUNDLE_LOADER)";
				WRAPPER_EXTENSION = xctest;
			};
			name = Debug;
		};
		D05FD9B819392D8A00FAC76E /* Release */ = {
			isa = XCBuildConfiguration;
			buildSettings = {
				BUNDLE_LOADER = "$(BUILT_PRODUCTS_DIR)/Divvy.app/Divvy";
				FRAMEWORK_SEARCH_PATHS = (
					"$(SDKROOT)/Developer/Library/Frameworks",
					"$(inherited)",
					"$(DEVELOPER_FRAMEWORKS_DIR)",
				);
				GCC_PRECOMPILE_PREFIX_HEADER = YES;
				GCC_PREFIX_HEADER = "Divvy/Divvy-Prefix.pch";
				INFOPLIST_FILE = "DivvyTests/DivvyTests-Info.plist";
				PRODUCT_NAME = "$(TARGET_NAME)";
				TEST_HOST = "$(BUNDLE_LOADER)";
				WRAPPER_EXTENSION = xctest;
			};
			name = Release;
		};
/* End XCBuildConfiguration section */

/* Begin XCConfigurationList section */
		D05FD97C19392D8A00FAC76E /* Build configuration list for PBXProject "Divvy" */ = {
			isa = XCConfigurationList;
			buildConfigurations = (
				D05FD9B119392D8A00FAC76E /* Debug */,
				D05FD9B219392D8A00FAC76E /* Release */,
			);
			defaultConfigurationIsVisible = 0;
			defaultConfigurationName = Release;
		};
		D05FD9B319392D8A00FAC76E /* Build configuration list for PBXNativeTarget "Divvy" */ = {
			isa = XCConfigurationList;
			buildConfigurations = (
				D05FD9B419392D8A00FAC76E /* Debug */,
				D05FD9B519392D8A00FAC76E /* Release */,
			);
			defaultConfigurationIsVisible = 0;
		};
		D05FD9B619392D8A00FAC76E /* Build configuration list for PBXNativeTarget "DivvyTests" */ = {
			isa = XCConfigurationList;
			buildConfigurations = (
				D05FD9B719392D8A00FAC76E /* Debug */,
				D05FD9B819392D8A00FAC76E /* Release */,
			);
			defaultConfigurationIsVisible = 0;
		};
/* End XCConfigurationList section */
	};
	rootObject = D05FD97919392D8A00FAC76E /* Project object */;
}
